
Microsoft Visual Studio Solution File, Format Version 10.00
# Visual Studio 2008
Project("{FAE04EC0-301F-11D3-BF4B-00C04F79EFBC}") = "IntVideoSurv", "IntVideoSurv\IntVideoSurv.csproj", "{C4CA1863-BBD5-4DE7-813B-A28190DC914E}"
EndProject
Project("{FAE04EC0-301F-11D3-BF4B-00C04F79EFBC}") = "IntVideoSurv.Entity", "IntVideoSurv.Entity\IntVideoSurv.Entity.csproj", "{CF5403F2-AFCE-4B5D-AD21-C78347DFA4B8}"
EndProject
Project("{FAE04EC0-301F-11D3-BF4B-00C04F79EFBC}") = "IntVideoSurv.DataAccess", "IntVideoSurv.DataAccess\IntVideoSurv.DataAccess.csproj", "{ACD53762-AEFE-4599-A419-9C0C681157B4}"
EndProject
Project("{FAE04EC0-301F-11D3-BF4B-00C04F79EFBC}") = "IntVideoSurv.Business", "IntVideoSurv.Business\IntVideoSurv.Business.csproj", "{901DA7E9-24CA-4953-8746-A42C69D45575}"
EndProject
Project("{FAE04EC0-301F-11D3-BF4B-00C04F79EFBC}") = "IntVideoSurv.VideoSource", "IntVideoSurv.VideoSource\IntVideoSurv.VideoSource.csproj", "{41A3C64D-F40A-421C-A8FC-5BF46EE5247C}"
EndProject
Project("{FAE04EC0-301F-11D3-BF4B-00C04F79EFBC}") = "Damany.Controls", "Damany.Controls\Damany.Controls\Damany.Controls.csproj", "{DBFBF8C0-8B91-4DF8-9A96-A6B55C623101}"
EndProject
Global
	GlobalSection(SubversionScc) = preSolution
		Svn-Managed = True
		Manager = AnkhSVN - Subversion Support for Visual Studio
	EndGlobalSection
	GlobalSection(SolutionConfigurationPlatforms) = preSolution
		Debug|Any CPU = Debug|Any CPU
		Release|Any CPU = Release|Any CPU
	EndGlobalSection
	GlobalSection(ProjectConfigurationPlatforms) = postSolution
		{C4CA1863-BBD5-4DE7-813B-A28190DC914E}.Debug|Any CPU.ActiveCfg = Debug|Any CPU
		{C4CA1863-BBD5-4DE7-813B-A28190DC914E}.Debug|Any CPU.Build.0 = Debug|Any CPU
		{C4CA1863-BBD5-4DE7-813B-A28190DC914E}.Release|Any CPU.ActiveCfg = Release|Any CPU
		{C4CA1863-BBD5-4DE7-813B-A28190DC914E}.Release|Any CPU.Build.0 = Release|Any CPU
		{CF5403F2-AFCE-4B5D-AD21-C78347DFA4B8}.Debug|Any CPU.ActiveCfg = Debug|Any CPU
		{CF5403F2-AFCE-4B5D-AD21-C78347DFA4B8}.Debug|Any CPU.Build.0 = Debug|Any CPU
		{CF5403F2-AFCE-4B5D-AD21-C78347DFA4B8}.Release|Any CPU.ActiveCfg = Release|Any CPU
		{CF5403F2-AFCE-4B5D-AD21-C78347DFA4B8}.Release|Any CPU.Build.0 = Release|Any CPU
		{ACD53762-AEFE-4599-A419-9C0C681157B4}.Debug|Any CPU.ActiveCfg = Debug|Any CPU
		{ACD53762-AEFE-4599-A419-9C0C681157B4}.Debug|Any CPU.Build.0 = Debug|Any CPU
		{ACD53762-AEFE-4599-A419-9C0C681157B4}.Release|Any CPU.ActiveCfg = Release|Any CPU
		{ACD53762-AEFE-4599-A419-9C0C681157B4}.Release|Any CPU.Build.0 = Release|Any CPU
		{901DA7E9-24CA-4953-8746-A42C69D45575}.Debug|Any CPU.ActiveCfg = Debug|Any CPU
		{901DA7E9-24CA-4953-8746-A42C69D45575}.Debug|Any CPU.Build.0 = Debug|Any CPU
		{901DA7E9-24CA-4953-8746-A42C69D45575}.Release|Any CPU.ActiveCfg = Release|Any CPU
		{901DA7E9-24CA-4953-8746-A42C69D45575}.Release|Any CPU.Build.0 = Release|Any CPU
		{41A3C64D-F40A-421C-A8FC-5BF46EE5247C}.Debug|Any CPU.ActiveCfg = Debug|Any CPU
		{41A3C64D-F40A-421C-A8FC-5BF46EE5247C}.Debug|Any CPU.Build.0 = Debug|Any CPU
		{41A3C64D-F40A-421C-A8FC-5BF46EE5247C}.Release|Any CPU.ActiveCfg = Release|Any CPU
		{41A3C64D-F40A-421C-A8FC-5BF46EE5247C}.Release|Any CPU.Build.0 = Release|Any CPU
		{DBFBF8C0-8B91-4DF8-9A96-A6B55C623101}.Debug|Any CPU.ActiveCfg = Debug|Any CPU
		{DBFBF8C0-8B91-4DF8-9A96-A6B55C623101}.Debug|Any CPU.Build.0 = Debug|Any CPU
		{DBFBF8C0-8B91-4DF8-9A96-A6B55C623101}.Release|Any CPU.ActiveCfg = Release|Any CPU
		{DBFBF8C0-8B91-4DF8-9A96-A6B55C623101}.Release|Any CPU.Build.0 = Release|Any CPU
	EndGlobalSection
	GlobalSection(SolutionProperties) = preSolution
		HideSolutionNode = FALSE
	EndGlobalSection
EndGlobal
