
Microsoft Visual Studio Solution File, Format Version 10.00
# Visual Studio 2008
Project("{FAE04EC0-301F-11D3-BF4B-00C04F79EFBC}") = "Damany.Controls", "Damany.Controls.csproj", "{DBFBF8C0-8B91-4DF8-9A96-A6B55C623101}"
EndProject
Global
	GlobalSection(SolutionConfigurationPlatforms) = preSolution
		Debug|Any CPU = Debug|Any CPU
		Release|Any CPU = Release|Any CPU
	EndGlobalSection
	GlobalSection(ProjectConfigurationPlatforms) = postSolution
		{DBFBF8C0-8B91-4DF8-9A96-A6B55C623101}.Debug|Any CPU.ActiveCfg = Debug|Any CPU
		{DBFBF8C0-8B91-4DF8-9A96-A6B55C623101}.Debug|Any CPU.Build.0 = Debug|Any CPU
		{DBFBF8C0-8B91-4DF8-9A96-A6B55C623101}.Release|Any CPU.ActiveCfg = Release|Any CPU
		{DBFBF8C0-8B91-4DF8-9A96-A6B55C623101}.Release|Any CPU.Build.0 = Release|Any CPU
	EndGlobalSection
	GlobalSection(SolutionProperties) = preSolution
		HideSolutionNode = FALSE
	EndGlobalSection
EndGlobal
